Microsoft Visual Studio Solution File, Format Version 12.00
# Visual Studio 14
VisualStudioVersion = 14.0.25420.1
MinimumVisualStudioVersion = 10.0.40219.1
Project("{8BC9CEB8-8B4A-11D0-8D11-00A0C91BC942}") = "ColorReaderEvent", "c-api\ColorReaderEvent\ColorReaderEvent.vcxproj", "{4DC3ADA8-38BD-3B23-A7ED-D01AEE75DB9E}"
EndProject
Project("{8BC9CEB8-8B4A-11D0-8D11-00A0C91BC942}") = "ColorReaderEventCPP", "cpp-api\ColorReaderEventCPP\ColorReaderEventCPP.vcxproj", "{01572092-7A1F-31B5-A306-091120E9B9CA}"
EndProject
Project("{8BC9CEB8-8B4A-11D0-8D11-00A0C91BC942}") = "ColorReaderPoll", "c-api\ColorReaderPoll\ColorReaderPoll.vcxproj", "{38BFA3B0-241F-31A6-9276-0E55692E03FE}"
EndProject
Project("{8BC9CEB8-8B4A-11D0-8D11-00A0C91BC942}") = "DebugHandViewer", "tools\DebugHandViewer\DebugHandViewer.vcxproj", "{CC1CACE9-AF6F-3108-AB12-1A7EDDCB6ED5}"
EndProject
Project("{8BC9CEB8-8B4A-11D0-8D11-00A0C91BC942}") = "DepthReaderEvent", "c-api\DepthReaderEvent\DepthReaderEvent.vcxproj", "{93CAF843-DAF9-4F83-B54A-5540ACF9DD42}"
EndProject
Project("{8BC9CEB8-8B4A-11D0-8D11-00A0C91BC942}") = "DepthReaderEventCPP", "cpp-api\DepthReaderEventCPP\DepthReaderEventCPP.vcxproj", "{BDBA7F42-83BB-377D-8E82-DED37FBE2FCA}"
EndProject
Project("{8BC9CEB8-8B4A-11D0-8D11-00A0C91BC942}") = "DepthReaderPoll", "c-api\DepthReaderPoll\DepthReaderPoll.vcxproj", "{B5E77346-EB03-38C7-AEB6-C5258FA43114}"
EndProject
Project("{8BC9CEB8-8B4A-11D0-8D11-00A0C91BC942}") = "HandReader", "c-api\HandReader\HandReader.vcxproj", "{CFAF6527-97AD-4056-AD91-C768889112CB}"
EndProject
Project("{8BC9CEB8-8B4A-11D0-8D11-00A0C91BC942}") = "MultiSensorViewer-SFML", "sfml\MultiSensorViewer-SFML\MultiSensorViewer-SFML.vcxproj", "{E692E6C3-1943-35C7-8211-D36F7A1C249D}"
EndProject
Project("{8BC9CEB8-8B4A-11D0-8D11-00A0C91BC942}") = "SimpleColorViewer-SFML", "sfml\SimpleColorViewer-SFML\SimpleColorViewer-SFML.vcxproj", "{C68B7804-AB5E-3078-BCB9-01BCA1F9B431}"
EndProject
Project("{8BC9CEB8-8B4A-11D0-8D11-00A0C91BC942}") = "SimpleDepthViewer-SFML", "sfml\SimpleDepthViewer-SFML\SimpleDepthViewer-SFML.vcxproj", "{9513EC91-9508-3DBE-8C94-5F573491CDA0}"
EndProject
Project("{8BC9CEB8-8B4A-11D0-8D11-00A0C91BC942}") = "SimpleHandViewer-SFML", "sfml\SimpleHandViewer-SFML\SimpleHandViewer-SFML.vcxproj", "{2C6B5EC3-9A6B-3DE4-BC28-980202B4002A}"
EndProject
Project("{8BC9CEB8-8B4A-11D0-8D11-00A0C91BC942}") = "SimpleStreamViewer-SFML", "sfml\SimpleStreamViewer-SFML\SimpleStreamViewer-SFML.vcxproj", "{3E7FD68D-C38B-334A-B17B-31C90D911852}"
EndProject
Project("{2150E333-8FDC-42A3-9474-1A3956D46DE8}") = "c-api", "c-api", "{7DDC3B09-17C8-3A61-861E-9CD17DCA6C9D}"
EndProject
Project("{2150E333-8FDC-42A3-9474-1A3956D46DE8}") = "cpp-api", "cpp-api", "{F4DC8E8F-AFE8-3EAC-9E95-8F8A267AA705}"
EndProject
Project("{2150E333-8FDC-42A3-9474-1A3956D46DE8}") = "sfml", "sfml", "{F6042614-C53B-35E8-8112-2F89EFC0CC9A}"
EndProject
Project("{2150E333-8FDC-42A3-9474-1A3956D46DE8}") = "tools", "tools", "{BEC0D260-A192-364F-B7EC-943FE4407FB4}"
EndProject
Global
	GlobalSection(SolutionConfigurationPlatforms) = preSolution
		Debug|x64 = Debug|x64
		Release|x64 = Release|x64
	EndGlobalSection
	GlobalSection(ProjectConfigurationPlatforms) = postSolution
		{4DC3ADA8-38BD-3B23-A7ED-D01AEE75DB9E}.Debug|x64.ActiveCfg = Debug|x64
		{4DC3ADA8-38BD-3B23-A7ED-D01AEE75DB9E}.Debug|x64.Build.0 = Debug|x64
		{4DC3ADA8-38BD-3B23-A7ED-D01AEE75DB9E}.Release|x64.ActiveCfg = Release|x64
		{4DC3ADA8-38BD-3B23-A7ED-D01AEE75DB9E}.Release|x64.Build.0 = Release|x64
		{01572092-7A1F-31B5-A306-091120E9B9CA}.Debug|x64.ActiveCfg = Debug|x64
		{01572092-7A1F-31B5-A306-091120E9B9CA}.Debug|x64.Build.0 = Debug|x64
		{01572092-7A1F-31B5-A306-091120E9B9CA}.Release|x64.ActiveCfg = Release|x64
		{01572092-7A1F-31B5-A306-091120E9B9CA}.Release|x64.Build.0 = Release|x64
		{38BFA3B0-241F-31A6-9276-0E55692E03FE}.Debug|x64.ActiveCfg = Debug|x64
		{38BFA3B0-241F-31A6-9276-0E55692E03FE}.Debug|x64.Build.0 = Debug|x64
		{38BFA3B0-241F-31A6-9276-0E55692E03FE}.Release|x64.ActiveCfg = Release|x64
		{38BFA3B0-241F-31A6-9276-0E55692E03FE}.Release|x64.Build.0 = Release|x64
		{CC1CACE9-AF6F-3108-AB12-1A7EDDCB6ED5}.Debug|x64.ActiveCfg = Debug|x64
		{CC1CACE9-AF6F-3108-AB12-1A7EDDCB6ED5}.Debug|x64.Build.0 = Debug|x64
		{CC1CACE9-AF6F-3108-AB12-1A7EDDCB6ED5}.Release|x64.ActiveCfg = Release|x64
		{CC1CACE9-AF6F-3108-AB12-1A7EDDCB6ED5}.Release|x64.Build.0 = Release|x64
		{93CAF843-DAF9-4F83-B54A-5540ACF9DD42}.Debug|x64.ActiveCfg = Debug|x64
		{93CAF843-DAF9-4F83-B54A-5540ACF9DD42}.Debug|x64.Build.0 = Debug|x64
		{93CAF843-DAF9-4F83-B54A-5540ACF9DD42}.Release|x64.ActiveCfg = Release|x64
		{93CAF843-DAF9-4F83-B54A-5540ACF9DD42}.Release|x64.Build.0 = Release|x64
		{BDBA7F42-83BB-377D-8E82-DED37FBE2FCA}.Debug|x64.ActiveCfg = Debug|x64
		{BDBA7F42-83BB-377D-8E82-DED37FBE2FCA}.Debug|x64.Build.0 = Debug|x64
		{BDBA7F42-83BB-377D-8E82-DED37FBE2FCA}.Release|x64.ActiveCfg = Release|x64
		{BDBA7F42-83BB-377D-8E82-DED37FBE2FCA}.Release|x64.Build.0 = Release|x64
		{B5E77346-EB03-38C7-AEB6-C5258FA43114}.Debug|x64.ActiveCfg = Debug|x64
		{B5E77346-EB03-38C7-AEB6-C5258FA43114}.Debug|x64.Build.0 = Debug|x64
		{B5E77346-EB03-38C7-AEB6-C5258FA43114}.Release|x64.ActiveCfg = Release|x64
		{B5E77346-EB03-38C7-AEB6-C5258FA43114}.Release|x64.Build.0 = Release|x64
		{CFAF6527-97AD-4056-AD91-C768889112CB}.Debug|x64.ActiveCfg = Debug|x64
		{CFAF6527-97AD-4056-AD91-C768889112CB}.Debug|x64.Build.0 = Debug|x64
		{CFAF6527-97AD-4056-AD91-C768889112CB}.Release|x64.ActiveCfg = Release|x64
		{CFAF6527-97AD-4056-AD91-C768889112CB}.Release|x64.Build.0 = Release|x64
		{E692E6C3-1943-35C7-8211-D36F7A1C249D}.Debug|x64.ActiveCfg = Debug|x64
		{E692E6C3-1943-35C7-8211-D36F7A1C249D}.Debug|x64.Build.0 = Debug|x64
		{E692E6C3-1943-35C7-8211-D36F7A1C249D}.Release|x64.ActiveCfg = Release|x64
		{E692E6C3-1943-35C7-8211-D36F7A1C249D}.Release|x64.Build.0 = Release|x64
		{C68B7804-AB5E-3078-BCB9-01BCA1F9B431}.Debug|x64.ActiveCfg = Debug|x64
		{C68B7804-AB5E-3078-BCB9-01BCA1F9B431}.Debug|x64.Build.0 = Debug|x64
		{C68B7804-AB5E-3078-BCB9-01BCA1F9B431}.Release|x64.ActiveCfg = Release|x64
		{C68B7804-AB5E-3078-BCB9-01BCA1F9B431}.Release|x64.Build.0 = Release|x64
		{9513EC91-9508-3DBE-8C94-5F573491CDA0}.Debug|x64.ActiveCfg = Debug|x64
		{9513EC91-9508-3DBE-8C94-5F573491CDA0}.Debug|x64.Build.0 = Debug|x64
		{9513EC91-9508-3DBE-8C94-5F573491CDA0}.Release|x64.ActiveCfg = Release|x64
		{9513EC91-9508-3DBE-8C94-5F573491CDA0}.Release|x64.Build.0 = Release|x64
		{2C6B5EC3-9A6B-3DE4-BC28-980202B4002A}.Debug|x64.ActiveCfg = Debug|x64
		{2C6B5EC3-9A6B-3DE4-BC28-980202B4002A}.Debug|x64.Build.0 = Debug|x64
		{2C6B5EC3-9A6B-3DE4-BC28-980202B4002A}.Release|x64.ActiveCfg = Release|x64
		{2C6B5EC3-9A6B-3DE4-BC28-980202B4002A}.Release|x64.Build.0 = Release|x64
		{3E7FD68D-C38B-334A-B17B-31C90D911852}.Debug|x64.ActiveCfg = Debug|x64
		{3E7FD68D-C38B-334A-B17B-31C90D911852}.Debug|x64.Build.0 = Debug|x64
		{3E7FD68D-C38B-334A-B17B-31C90D911852}.Release|x64.ActiveCfg = Release|x64
		{3E7FD68D-C38B-334A-B17B-31C90D911852}.Release|x64.Build.0 = Release|x64
	EndGlobalSection
	GlobalSection(SolutionProperties) = preSolution
		HideSolutionNode = FALSE
	EndGlobalSection
	GlobalSection(NestedProjects) = preSolution
		{4DC3ADA8-38BD-3B23-A7ED-D01AEE75DB9E} = {7DDC3B09-17C8-3A61-861E-9CD17DCA6C9D}
		{01572092-7A1F-31B5-A306-091120E9B9CA} = {F4DC8E8F-AFE8-3EAC-9E95-8F8A267AA705}
		{38BFA3B0-241F-31A6-9276-0E55692E03FE} = {7DDC3B09-17C8-3A61-861E-9CD17DCA6C9D}
		{CC1CACE9-AF6F-3108-AB12-1A7EDDCB6ED5} = {BEC0D260-A192-364F-B7EC-943FE4407FB4}
		{93CAF843-DAF9-4F83-B54A-5540ACF9DD42} = {7DDC3B09-17C8-3A61-861E-9CD17DCA6C9D}
		{BDBA7F42-83BB-377D-8E82-DED37FBE2FCA} = {F4DC8E8F-AFE8-3EAC-9E95-8F8A267AA705}
		{B5E77346-EB03-38C7-AEB6-C5258FA43114} = {7DDC3B09-17C8-3A61-861E-9CD17DCA6C9D}
		{CFAF6527-97AD-4056-AD91-C768889112CB} = {7DDC3B09-17C8-3A61-861E-9CD17DCA6C9D}
		{E692E6C3-1943-35C7-8211-D36F7A1C249D} = {F6042614-C53B-35E8-8112-2F89EFC0CC9A}
		{C68B7804-AB5E-3078-BCB9-01BCA1F9B431} = {F6042614-C53B-35E8-8112-2F89EFC0CC9A}
		{9513EC91-9508-3DBE-8C94-5F573491CDA0} = {F6042614-C53B-35E8-8112-2F89EFC0CC9A}
		{2C6B5EC3-9A6B-3DE4-BC28-980202B4002A} = {F6042614-C53B-35E8-8112-2F89EFC0CC9A}
		{3E7FD68D-C38B-334A-B17B-31C90D911852} = {F6042614-C53B-35E8-8112-2F89EFC0CC9A}
	EndGlobalSection
EndGlobal
